
Microsoft Visual Studio Solution File, Format Version 12.00
# Visual Studio Version 16
VisualStudioVersion = 16.0.31702.278
MinimumVisualStudioVersion = 10.0.40219.1
Project("{9A19103F-16F7-4668-BE54-9A1E7A4F7556}") = "SampleApp", "SampleApp.csproj", "{1EDCF9D0-5AF4-469F-B953-143AF0DD201D}"
EndProject
Global
	GlobalSection(SolutionConfigurationPlatforms) = preSolution
		Debug|Any CPU = Debug|Any CPU
		Release|Any CPU = Release|Any CPU
	EndGlobalSection
	GlobalSection(ProjectConfigurationPlatforms) = postSolution
		{1EDCF9D0-5AF4-469F-B953-143AF0DD201D}.Debug|Any CPU.ActiveCfg = Debug|Any CPU
		{1EDCF9D0-5AF4-469F-B953-143AF0DD201D}.Debug|Any CPU.Build.0 = Debug|Any CPU
		{1EDCF9D0-5AF4-469F-B953-143AF0DD201D}.Release|Any CPU.ActiveCfg = Release|Any CPU
		{1EDCF9D0-5AF4-469F-B953-143AF0DD201D}.Release|Any CPU.Build.0 = Release|Any CPU
	EndGlobalSection
	GlobalSection(SolutionProperties) = preSolution
		HideSolutionNode = FALSE
	EndGlobalSection
	GlobalSection(ExtensibilityGlobals) = postSolution
		SolutionGuid = {30942B08-FF1E-4507-8C64-87AD330063CD}
	EndGlobalSection
EndGlobal
